// !$*UTF8*$!
{
	archiveVersion = 1;
	classes = {
	};
	objectVersion = 46;
	objects = {

/* Begin PBXBuildFile section */
		8A4E761B1B79878E003D9BC3 /* main.m in Sources */ = {isa = PBXBuildFile; fileRef = 8A4E761A1B79878E003D9BC3 /* main.m */; };
		8A4E761E1B79878E003D9BC3 /* AppDelegate.m in Sources */ = {isa = PBXBuildFile; fileRef = 8A4E761D1B79878E003D9BC3 /* AppDelegate.m */; };
		8A4E76211B79878E003D9BC3 /* ViewController.m in Sources */ = {isa = PBXBuildFile; fileRef = 8A4E76201B79878E003D9BC3 /* ViewController.m */; };
		8A4E76241B79878E003D9BC3 /* Main.storyboard in Resources */ = {isa = PBXBuildFile; fileRef = 8A4E76221B79878E003D9BC3 /* Main.storyboard */; };
		8A4E76261B79878E003D9BC3 /* Images.xcassets in Resources */ = {isa = PBXBuildFile; fileRef = 8A4E76251B79878E003D9BC3 /* Images.xcassets */; };
		8A4E76291B79878E003D9BC3 /* LaunchScreen.xib in Resources */ = {isa = PBXBuildFile; fileRef = 8A4E76271B79878E003D9BC3 /* LaunchScreen.xib */; };
		8A4E76351B79878E003D9BC3 /* project_2Tests.m in Sources */ = {isa = PBXBuildFile; fileRef = 8A4E76341B79878E003D9BC3 /* project_2Tests.m */; };
/* End PBXBuildFile section */

/* Begin PBXContainerItemProxy section */
		8A4E762F1B79878E003D9BC3 /* PBXContainerItemProxy */ = {
			isa = PBXContainerItemProxy;
			containerPortal = 8A4E760D1B79878E003D9BC3 /* Project object */;
			proxyType = 1;
			remoteGlobalIDString = 8A4E76141B79878E003D9BC3;
			remoteInfo = project_2;
		};
/* End PBXContainerItemProxy section */

/* Begin PBXFileReference section */
		8A4E76151B79878E003D9BC3 /* project_2.app */ = {isa = PBXFileReference; explicitFileType = wrapper.application; includeInIndex = 0; path = project_2.app; sourceTree = BUILT_PRODUCTS_DIR; };
		8A4E76191B79878E003D9BC3 /* Info.plist */ = {isa = PBXFileReference; lastKnownFileType = text.plist.xml; path = Info.plist; sourceTree = "<group>"; };
		8A4E761A1B79878E003D9BC3 /* main.m */ = {isa = PBXFileReference; lastKnownFileType = sourcecode.c.objc; path = main.m; sourceTree = "<group>"; };
		8A4E761C1B79878E003D9BC3 /* AppDelegate.h */ = {isa = PBXFileReference; lastKnownFileType = sourcecode.c.h; path = AppDelegate.h; sourceTree = "<group>"; };
		8A4E761D1B79878E003D9BC3 /* AppDelegate.m */ = {isa = PBXFileReference; lastKnownFileType = sourcecode.c.objc; path = AppDelegate.m; sourceTree = "<group>"; };
		8A4E761F1B79878E003D9BC3 /* ViewController.h */ = {isa = PBXFileReference; lastKnownFileType = sourcecode.c.h; path = ViewController.h; sourceTree = "<group>"; };
		8A4E76201B79878E003D9BC3 /* ViewController.m */ = {isa = PBXFileReference; lastKnownFileType = sourcecode.c.objc; path = ViewController.m; sourceTree = "<group>"; };
		8A4E76231B79878E003D9BC3 /* Base */ = {isa = PBXFileReference; lastKnownFileType = file.storyboard; name = Base; path = Base.lproj/Main.storyboard; sourceTree = "<group>"; };
		8A4E76251B79878E003D9BC3 /* Images.xcassets */ = {isa = PBXFileReference; lastKnownFileType = folder.assetcatalog; path = Images.xcassets; sourceTree = "<group>"; };
		8A4E76281B79878E003D9BC3 /* Base */ = {isa = PBXFileReference; lastKnownFileType = file.xib; name = Base; path = Base.lproj/LaunchScreen.xib; sourceTree = "<group>"; };
		8A4E762E1B79878E003D9BC3 /* project_2Tests.xctest */ = {isa = PBXFileReference; explicitFileType = wrapper.cfbundle; includeInIndex = 0; path = project_2Tests.xctest; sourceTree = BUILT_PRODUCTS_DIR; };
		8A4E76331B79878E003D9BC3 /* Info.plist */ = {isa = PBXFileReference; lastKnownFileType = text.plist.xml; path = Info.plist; sourceTree = "<group>"; };
		8A4E76341B79878E003D9BC3 /* project_2Tests.m */ = {isa = PBXFileReference; lastKnownFileType = sourcecode.c.objc; path = project_2Tests.m; sourceTree = "<group>"; };
/* End PBXFileReference section */

/* Begin PBXFrameworksBuildPhase section */
		8A4E76121B79878E003D9BC3 /* Frameworks */ = {
			isa = PBXFrameworksBuildPhase;
			buildActionMask = 2147483647;
			files = (
			);
			runOnlyForDeploymentPostprocessing = 0;
		};
		8A4E762B1B79878E003D9BC3 /* Frameworks */ = {
			isa = PBXFrameworksBuildPhase;
			buildActionMask = 2147483647;
			files = (
			);
			runOnlyForDeploymentPostprocessing = 0;
		};
/* End PBXFrameworksBuildPhase section */

/* Begin PBXGroup section */
		8A4E760C1B79878E003D9BC3 = {
			isa = PBXGroup;
			children = (
				8A4E76171B79878E003D9BC3 /* project_2 */,
				8A4E76311B79878E003D9BC3 /* project_2Tests */,
				8A4E76161B79878E003D9BC3 /* Products */,
			);
			sourceTree = "<group>";
		};
		8A4E76161B79878E003D9BC3 /* Products */ = {
			isa = PBXGroup;
			children = (
				8A4E76151B79878E003D9BC3 /* project_2.app */,
				8A4E762E1B79878E003D9BC3 /* project_2Tests.xctest */,
			);
			name = Products;
			sourceTree = "<group>";
		};
		8A4E76171B79878E003D9BC3 /* project_2 */ = {
			isa = PBXGroup;
			children = (
				8A4E761C1B79878E003D9BC3 /* AppDelegate.h */,
				8A4E761D1B79878E003D9BC3 /* AppDelegate.m */,
				8A4E761F1B79878E003D9BC3 /* ViewController.h */,
				8A4E76201B79878E003D9BC3 /* ViewController.m */,
				8A4E76221B79878E003D9BC3 /* Main.storyboard */,
				8A4E76251B79878E003D9BC3 /* Images.xcassets */,
				8A4E76271B79878E003D9BC3 /* LaunchScreen.xib */,
				8A4E76181B79878E003D9BC3 /* Supporting Files */,
			);
			path = project_2;
			sourceTree = "<group>";
		};
		8A4E76181B79878E003D9BC3 /* Supporting Files */ = {
			isa = PBXGroup;
			children = (
				8A4E76191B79878E003D9BC3 /* Info.plist */,
				8A4E761A1B79878E003D9BC3 /* main.m */,
			);
			name = "Supporting Files";
			sourceTree = "<group>";
		};
		8A4E76311B79878E003D9BC3 /* project_2Tests */ = {
			isa = PBXGroup;
			children = (
				8A4E76341B79878E003D9BC3 /* project_2Tests.m */,
				8A4E76321B79878E003D9BC3 /* Supporting Files */,
			);
			path = project_2Tests;
			sourceTree = "<group>";
		};
		8A4E76321B79878E003D9BC3 /* Supporting Files */ = {
			isa = PBXGroup;
			children = (
				8A4E76331B79878E003D9BC3 /* Info.plist */,
			);
			name = "Supporting Files";
			sourceTree = "<group>";
		};
/* End PBXGroup section */

/* Begin PBXNativeTarget section */
		8A4E76141B79878E003D9BC3 /* project_2 */ = {
			isa = PBXNativeTarget;
			buildConfigurationList = 8A4E76381B79878E003D9BC3 /* Build configuration list for PBXNativeTarget "project_2" */;
			buildPhases = (
				8A4E76111B79878E003D9BC3 /* Sources */,
				8A4E76121B79878E003D9BC3 /* Frameworks */,
				8A4E76131B79878E003D9BC3 /* Resources */,
			);
			buildRules = (
			);
			dependencies = (
			);
			name = project_2;
			productName = project_2;
			productReference = 8A4E76151B79878E003D9BC3 /* project_2.app */;
			productType = "com.apple.product-type.application";
		};
		8A4E762D1B79878E003D9BC3 /* project_2Tests */ = {
			isa = PBXNativeTarget;
			buildConfigurationList = 8A4E763B1B79878E003D9BC3 /* Build configuration list for PBXNativeTarget "project_2Tests" */;
			buildPhases = (
				8A4E762A1B79878E003D9BC3 /* Sources */,
				8A4E762B1B79878E003D9BC3 /* Frameworks */,
				8A4E762C1B79878E003D9BC3 /* Resources */,
			);
			buildRules = (
			);
			dependencies = (
				8A4E76301B79878E003D9BC3 /* PBXTargetDependency */,
			);
			name = project_2Tests;
			productName = project_2Tests;
			productReference = 8A4E762E1B79878E003D9BC3 /* project_2Tests.xctest */;
			productType = "com.apple.product-type.bundle.unit-test";
		};
/* End PBXNativeTarget section */

/* Begin PBXProject section */
		8A4E760D1B79878E003D9BC3 /* Project object */ = {
			isa = PBXProject;
			attributes = {
				LastUpgradeCheck = 0640;
				ORGANIZATIONNAME = NinJa1;
				TargetAttributes = {
					8A4E76141B79878E003D9BC3 = {
						CreatedOnToolsVersion = 6.4;
					};
					8A4E762D1B79878E003D9BC3 = {
						CreatedOnToolsVersion = 6.4;
						TestTargetID = 8A4E76141B79878E003D9BC3;
					};
				};
			};
			buildConfigurationList = 8A4E76101B79878E003D9BC3 /* Build configuration list for PBXProject "project_2" */;
			compatibilityVersion = "Xcode 3.2";
			developmentRegion = English;
			hasScannedForEncodings = 0;
			knownRegions = (
				en,
				Base,
			);
			mainGroup = 8A4E760C1B79878E003D9BC3;
			productRefGroup = 8A4E76161B79878E003D9BC3 /* Products */;
			projectDirPath = "";
			projectRoot = "";
			targets = (
				8A4E76141B79878E003D9BC3 /* project_2 */,
				8A4E762D1B79878E003D9BC3 /* project_2Tests */,
			);
		};
/* End PBXProject section */

/* Begin PBXResourcesBuildPhase section */
		8A4E76131B79878E003D9BC3 /* Resources */ = {
			isa = PBXResourcesBuildPhase;
			buildActionMask = 2147483647;
			files = (
				8A4E76241B79878E003D9BC3 /* Main.storyboard in Resources */,
				8A4E76291B79878E003D9BC3 /* LaunchScreen.xib in Resources */,
				8A4E76261B79878E003D9BC3 /* Images.xcassets in Resources */,
			);
			runOnlyForDeploymentPostprocessing = 0;
		};
		8A4E762C1B79878E003D9BC3 /* Resources */ = {
			isa = PBXResourcesBuildPhase;
			buildActionMask = 2147483647;
			files = (
			);
			runOnlyForDeploymentPostprocessing = 0;
		};
/* End PBXResourcesBuildPhase section */

/* Begin PBXSourcesBuildPhase section */
		8A4E76111B79878E003D9BC3 /* Sources */ = {
			isa = PBXSourcesBuildPhase;
			buildActionMask = 2147483647;
			files = (
				8A4E76211B79878E003D9BC3 /* ViewController.m in Sources */,
				8A4E761E1B79878E003D9BC3 /* AppDelegate.m in Sources */,
				8A4E761B1B79878E003D9BC3 /* main.m in Sources */,
			);
			runOnlyForDeploymentPostprocessing = 0;
		};
		8A4E762A1B79878E003D9BC3 /* Sources */ = {
			isa = PBXSourcesBuildPhase;
			buildActionMask = 2147483647;
			files = (
				8A4E76351B79878E003D9BC3 /* project_2Tests.m in Sources */,
			);
			runOnlyForDeploymentPostprocessing = 0;
		};
/* End PBXSourcesBuildPhase section */

/* Begin PBXTargetDependency section */
		8A4E76301B79878E003D9BC3 /* PBXTargetDependency */ = {
			isa = PBXTargetDependency;
			target = 8A4E76141B79878E003D9BC3 /* project_2 */;
			targetProxy = 8A4E762F1B79878E003D9BC3 /* PBXContainerItemProxy */;
		};
/* End PBXTargetDependency section */

/* Begin PBXVariantGroup section */
		8A4E76221B79878E003D9BC3 /* Main.storyboard */ = {
			isa = PBXVariantGroup;
			children = (
				8A4E76231B79878E003D9BC3 /* Base */,
			);
			name = Main.storyboard;
			sourceTree = "<group>";
		};
		8A4E76271B79878E003D9BC3 /* LaunchScreen.xib */ = {
			isa = PBXVariantGroup;
			children = (
				8A4E76281B79878E003D9BC3 /* Base */,
			);
			name = LaunchScreen.xib;
			sourceTree = "<group>";
		};
/* End PBXVariantGroup section */

/* Begin XCBuildConfiguration section */
		8A4E76361B79878E003D9BC3 /* Debug */ = {
			isa = XCBuildConfiguration;
			buildSettings = {
				ALWAYS_SEARCH_USER_PATHS = NO;
				CLANG_CXX_LANGUAGE_STANDARD = "gnu++0x";
				CLANG_CXX_LIBRARY = "libc++";
				CLANG_ENABLE_MODULES = YES;
				CLANG_ENABLE_OBJC_ARC = YES;
				CLANG_WARN_BOOL_CONVERSION = YES;
				CLANG_WARN_CONSTANT_CONVERSION = YES;
				CLANG_WARN_DIRECT_OBJC_ISA_USAGE = YES_ERROR;
				CLANG_WARN_EMPTY_BODY = YES;
				CLANG_WARN_ENUM_CONVERSION = YES;
				CLANG_WARN_INT_CONVERSION = YES;
				CLANG_WARN_OBJC_ROOT_CLASS = YES_ERROR;
				CLANG_WARN_UNREACHABLE_CODE = YES;
				CLANG_WARN__DUPLICATE_METHOD_MATCH = YES;
				"CODE_SIGN_IDENTITY[sdk=iphoneos*]" = "iPhone Developer";
				COPY_PHASE_STRIP = NO;
				DEBUG_INFORMATION_FORMAT = "dwarf-with-dsym";
				ENABLE_STRICT_OBJC_MSGSEND = YES;
				GCC_C_LANGUAGE_STANDARD = gnu99;
				GCC_DYNAMIC_NO_PIC = NO;
				GCC_NO_COMMON_BLOCKS = YES;
				GCC_OPTIMIZATION_LEVEL = 0;
				GCC_PREPROCESSOR_DEFINITIONS = (
					"DEBUG=1",
					"$(inherited)",
				);
				GCC_SYMBOLS_PRIVATE_EXTERN = NO;
				GCC_WARN_64_TO_32_BIT_CONVERSION = YES;
				GCC_WARN_ABOUT_RETURN_TYPE = YES_ERROR;
				GCC_WARN_UNDECLARED_SELECTOR = YES;
				GCC_WARN_UNINITIALIZED_AUTOS = YES_AGGRESSIVE;
				GCC_WARN_UNUSED_FUNCTION = YES;
				GCC_WARN_UNUSED_VARIABLE = YES;
				IPHONEOS_DEPLOYMENT_TARGET = 8.4;
				MTL_ENABLE_DEBUG_INFO = YES;
				ONLY_ACTIVE_ARCH = YES;
				SDKROOT = iphoneos;
				TARGETED_DEVICE_FAMILY = "1,2";
			};
			name = Debug;
		};
		8A4E76371B79878E003D9BC3 /* Release */ = {
			isa = XCBuildConfiguration;
			buildSettings = {
				ALWAYS_SEARCH_USER_PATHS = NO;
				CLANG_CXX_LANGUAGE_STANDARD = "gnu++0x";
				CLANG_CXX_LIBRARY = "libc++";
				CLANG_ENABLE_MODULES = YES;
				CLANG_ENABLE_OBJC_ARC = YES;
				CLANG_WARN_BOOL_CONVERSION = YES;
				CLANG_WARN_CONSTANT_CONVERSION = YES;
				CLANG_WARN_DIRECT_OBJC_ISA_USAGE = YES_ERROR;
				CLANG_WARN_EMPTY_BODY = YES;
				CLANG_WARN_ENUM_CONVERSION = YES;
				CLANG_WARN_INT_CONVERSION = YES;
				CLANG_WARN_OBJC_ROOT_CLASS = YES_ERROR;
				CLANG_WARN_UNREACHABLE_CODE = YES;
				CLANG_WARN__DUPLICATE_METHOD_MATCH = YES;
				"CODE_SIGN_IDENTITY[sdk=iphoneos*]" = "iPhone Developer";
				COPY_PHASE_STRIP = NO;
				DEBUG_INFORMATION_FORMAT = "dwarf-with-dsym";
				ENABLE_NS_ASSERTIONS = NO;
				ENABLE_STRICT_OBJC_MSGSEND = YES;
				GCC_C_LANGUAGE_STANDARD = gnu99;
				GCC_NO_COMMON_BLOCKS = YES;
				GCC_WARN_64_TO_32_BIT_CONVERSION = YES;
				GCC_WARN_ABOUT_RETURN_TYPE = YES_ERROR;
				GCC_WARN_UNDECLARED_SELECTOR = YES;
				GCC_WARN_UNINITIALIZED_AUTOS = YES_AGGRESSIVE;
				GCC_WARN_UNUSED_FUNCTION = YES;
				GCC_WARN_UNUSED_VARIABLE = YES;
				IPHONEOS_DEPLOYMENT_TARGET = 8.4;
				MTL_ENABLE_DEBUG_INFO = NO;
				SDKROOT = iphoneos;
				TARGETED_DEVICE_FAMILY = "1,2";
				VALIDATE_PRODUCT = YES;
			};
			name = Release;
		};
		8A4E76391B79878E003D9BC3 /* Debug */ = {
			isa = XCBuildConfiguration;
			buildSettings = {
				ASSETCATALOG_COMPILER_APPICON_NAME = AppIcon;
				INFOPLIST_FILE = project_2/Info.plist;
				LD_RUNPATH_SEARCH_PATHS = "$(inherited) @executable_path/Frameworks";
				PRODUCT_NAME = "$(TARGET_NAME)";
			};
			name = Debug;
		};
		8A4E763A1B79878E003D9BC3 /* Release */ = {
			isa = XCBuildConfiguration;
			buildSettings = {
				ASSETCATALOG_COMPILER_APPICON_NAME = AppIcon;
				INFOPLIST_FILE = project_2/Info.plist;
				LD_RUNPATH_SEARCH_PATHS = "$(inherited) @executable_path/Frameworks";
				PRODUCT_NAME = "$(TARGET_NAME)";
			};
			name = Release;
		};
		8A4E763C1B79878E003D9BC3 /* Debug */ = {
			isa = XCBuildConfiguration;
			buildSettings = {
				BUNDLE_LOADER = "$(TEST_HOST)";
				FRAMEWORK_SEARCH_PATHS = (
					"$(SDKROOT)/Developer/Library/Frameworks",
					"$(inherited)",
				);
				GCC_PREPROCESSOR_DEFINITIONS = (
					"DEBUG=1",
					"$(inherited)",
				);
				INFOPLIST_FILE = project_2Tests/Info.plist;
				LD_RUNPATH_SEARCH_PATHS = "$(inherited) @executable_path/Frameworks @loader_path/Frameworks";
				PRODUCT_NAME = "$(TARGET_NAME)";
				TEST_HOST = "$(BUILT_PRODUCTS_DIR)/project_2.app/project_2";
			};
			name = Debug;
		};
		8A4E763D1B79878E003D9BC3 /* Release */ = {
			isa = XCBuildConfiguration;
			buildSettings = {
				BUNDLE_LOADER = "$(TEST_HOST)";
				FRAMEWORK_SEARCH_PATHS = (
					"$(SDKROOT)/Developer/Library/Frameworks",
					"$(inherited)",
				);
				INFOPLIST_FILE = project_2Tests/Info.plist;
				LD_RUNPATH_SEARCH_PATHS = "$(inherited) @executable_path/Frameworks @loader_path/Frameworks";
				PRODUCT_NAME = "$(TARGET_NAME)";
				TEST_HOST = "$(BUILT_PRODUCTS_DIR)/project_2.app/project_2";
			};
			name = Release;
		};
/* End XCBuildConfiguration section */

/* Begin XCConfigurationList section */
		8A4E76101B79878E003D9BC3 /* Build configuration list for PBXProject "project_2" */ = {
			isa = XCConfigurationList;
			buildConfigurations = (
				8A4E76361B79878E003D9BC3 /* Debug */,
				8A4E76371B79878E003D9BC3 /* Release */,
			);
			defaultConfigurationIsVisible = 0;
			defaultConfigurationName = Release;
		};
		8A4E76381B79878E003D9BC3 /* Build configuration list for PBXNativeTarget "project_2" */ = {
			isa = XCConfigurationList;
			buildConfigurations = (
				8A4E76391B79878E003D9BC3 /* Debug */,
				8A4E763A1B79878E003D9BC3 /* Release */,
			);
			defaultConfigurationIsVisible = 0;
		};
		8A4E763B1B79878E003D9BC3 /* Build configuration list for PBXNativeTarget "project_2Tests" */ = {
			isa = XCConfigurationList;
			buildConfigurations = (
				8A4E763C1B79878E003D9BC3 /* Debug */,
				8A4E763D1B79878E003D9BC3 /* Release */,
			);
			defaultConfigurationIsVisible = 0;
		};
/* End XCConfigurationList section */
	};
	rootObject = 8A4E760D1B79878E003D9BC3 /* Project object */;
}
